
Microsoft Visual Studio Solution File, Format Version 12.00
# Visual Studio Version 17
VisualStudioVersion = 17.3.32901.215
MinimumVisualStudioVersion = 10.0.40219.1
Project("{FAE04EC0-301F-11D3-BF4B-00C04F79EFBC}") = "002选择排序", "002选择排序\002选择排序.csproj", "{B76AE6BC-B20F-4ADA-B147-6BC5580C04FB}"
EndProject
Project("{FAE04EC0-301F-11D3-BF4B-00C04F79EFBC}") = "003插入排序", "003插入排序\003插入排序.csproj", "{CBBF89B5-F5B6-47CD-AA94-F8312ED55617}"
EndProject
Project("{FAE04EC0-301F-11D3-BF4B-00C04F79EFBC}") = "001冒泡排序", "001冒泡排序\001冒泡排序.csproj", "{592BEAE4-01E4-4E79-B6D1-C38A218BD3AE}"
EndProject
Project("{FAE04EC0-301F-11D3-BF4B-00C04F79EFBC}") = "Rookie", "Rookie\Rookie.csproj", "{C020BBA0-8E8D-4AB7-9B78-52A41AD67CC4}"
EndProject
Project("{FAE04EC0-301F-11D3-BF4B-00C04F79EFBC}") = "随想录", "随想录\随想录.csproj", "{C1AE8B24-5CD3-4BAA-A028-70087FC14E07}"
EndProject
Project("{2150E333-8FDC-42A3-9474-1A3956D46DE8}") = "Solution Items", "Solution Items", "{34996BE8-5E9A-4562-BB34-C70DEA649171}"
	ProjectSection(SolutionItems) = preProject
		.editorconfig = .editorconfig
	EndProjectSection
EndProject
Project("{FAE04EC0-301F-11D3-BF4B-00C04F79EFBC}") = "004归并排序", "004归并排序\004归并排序.csproj", "{C2590179-BAB1-4D4B-AF91-3FA5EAAE4A6E}"
EndProject
Project("{FAE04EC0-301F-11D3-BF4B-00C04F79EFBC}") = "005快速排序", "005快速排序\005快速排序.csproj", "{11B353A5-5C39-4A16-AAC3-CD091A50F748}"
EndProject
Project("{FAE04EC0-301F-11D3-BF4B-00C04F79EFBC}") = "006希尔排序", "006希尔排序\006希尔排序.csproj", "{C06E14AA-5C33-41D0-AC0C-E654E8B6D3A2}"
EndProject
Project("{FAE04EC0-301F-11D3-BF4B-00C04F79EFBC}") = "007堆排序", "007堆排序\007堆排序.csproj", "{67ECD375-6D51-4C42-A0DA-5C2C14B9E0D7}"
EndProject
Project("{FAE04EC0-301F-11D3-BF4B-00C04F79EFBC}") = "递归", "递归\递归.csproj", "{25373035-69AC-47F1-B628-285C2164FB85}"
EndProject
Global
	GlobalSection(SolutionConfigurationPlatforms) = preSolution
		Debug|Any CPU = Debug|Any CPU
		Release|Any CPU = Release|Any CPU
	EndGlobalSection
	GlobalSection(ProjectConfigurationPlatforms) = postSolution
		{B76AE6BC-B20F-4ADA-B147-6BC5580C04FB}.Debug|Any CPU.ActiveCfg = Debug|Any CPU
		{B76AE6BC-B20F-4ADA-B147-6BC5580C04FB}.Debug|Any CPU.Build.0 = Debug|Any CPU
		{B76AE6BC-B20F-4ADA-B147-6BC5580C04FB}.Release|Any CPU.ActiveCfg = Release|Any CPU
		{B76AE6BC-B20F-4ADA-B147-6BC5580C04FB}.Release|Any CPU.Build.0 = Release|Any CPU
		{CBBF89B5-F5B6-47CD-AA94-F8312ED55617}.Debug|Any CPU.ActiveCfg = Debug|Any CPU
		{CBBF89B5-F5B6-47CD-AA94-F8312ED55617}.Debug|Any CPU.Build.0 = Debug|Any CPU
		{CBBF89B5-F5B6-47CD-AA94-F8312ED55617}.Release|Any CPU.ActiveCfg = Release|Any CPU
		{CBBF89B5-F5B6-47CD-AA94-F8312ED55617}.Release|Any CPU.Build.0 = Release|Any CPU
		{592BEAE4-01E4-4E79-B6D1-C38A218BD3AE}.Debug|Any CPU.ActiveCfg = Debug|Any CPU
		{592BEAE4-01E4-4E79-B6D1-C38A218BD3AE}.Debug|Any CPU.Build.0 = Debug|Any CPU
		{592BEAE4-01E4-4E79-B6D1-C38A218BD3AE}.Release|Any CPU.ActiveCfg = Release|Any CPU
		{592BEAE4-01E4-4E79-B6D1-C38A218BD3AE}.Release|Any CPU.Build.0 = Release|Any CPU
		{C020BBA0-8E8D-4AB7-9B78-52A41AD67CC4}.Debug|Any CPU.ActiveCfg = Debug|Any CPU
		{C020BBA0-8E8D-4AB7-9B78-52A41AD67CC4}.Debug|Any CPU.Build.0 = Debug|Any CPU
		{C020BBA0-8E8D-4AB7-9B78-52A41AD67CC4}.Release|Any CPU.ActiveCfg = Release|Any CPU
		{C020BBA0-8E8D-4AB7-9B78-52A41AD67CC4}.Release|Any CPU.Build.0 = Release|Any CPU
		{C1AE8B24-5CD3-4BAA-A028-70087FC14E07}.Debug|Any CPU.ActiveCfg = Debug|Any CPU
		{C1AE8B24-5CD3-4BAA-A028-70087FC14E07}.Debug|Any CPU.Build.0 = Debug|Any CPU
		{C1AE8B24-5CD3-4BAA-A028-70087FC14E07}.Release|Any CPU.ActiveCfg = Release|Any CPU
		{C1AE8B24-5CD3-4BAA-A028-70087FC14E07}.Release|Any CPU.Build.0 = Release|Any CPU
		{C2590179-BAB1-4D4B-AF91-3FA5EAAE4A6E}.Debug|Any CPU.ActiveCfg = Debug|Any CPU
		{C2590179-BAB1-4D4B-AF91-3FA5EAAE4A6E}.Debug|Any CPU.Build.0 = Debug|Any CPU
		{C2590179-BAB1-4D4B-AF91-3FA5EAAE4A6E}.Release|Any CPU.ActiveCfg = Release|Any CPU
		{C2590179-BAB1-4D4B-AF91-3FA5EAAE4A6E}.Release|Any CPU.Build.0 = Release|Any CPU
		{11B353A5-5C39-4A16-AAC3-CD091A50F748}.Debug|Any CPU.ActiveCfg = Debug|Any CPU
		{11B353A5-5C39-4A16-AAC3-CD091A50F748}.Debug|Any CPU.Build.0 = Debug|Any CPU
		{11B353A5-5C39-4A16-AAC3-CD091A50F748}.Release|Any CPU.ActiveCfg = Release|Any CPU
		{11B353A5-5C39-4A16-AAC3-CD091A50F748}.Release|Any CPU.Build.0 = Release|Any CPU
		{C06E14AA-5C33-41D0-AC0C-E654E8B6D3A2}.Debug|Any CPU.ActiveCfg = Debug|Any CPU
		{C06E14AA-5C33-41D0-AC0C-E654E8B6D3A2}.Debug|Any CPU.Build.0 = Debug|Any CPU
		{C06E14AA-5C33-41D0-AC0C-E654E8B6D3A2}.Release|Any CPU.ActiveCfg = Release|Any CPU
		{C06E14AA-5C33-41D0-AC0C-E654E8B6D3A2}.Release|Any CPU.Build.0 = Release|Any CPU
		{67ECD375-6D51-4C42-A0DA-5C2C14B9E0D7}.Debug|Any CPU.ActiveCfg = Debug|Any CPU
		{67ECD375-6D51-4C42-A0DA-5C2C14B9E0D7}.Debug|Any CPU.Build.0 = Debug|Any CPU
		{67ECD375-6D51-4C42-A0DA-5C2C14B9E0D7}.Release|Any CPU.ActiveCfg = Release|Any CPU
		{67ECD375-6D51-4C42-A0DA-5C2C14B9E0D7}.Release|Any CPU.Build.0 = Release|Any CPU
		{25373035-69AC-47F1-B628-285C2164FB85}.Debug|Any CPU.ActiveCfg = Debug|Any CPU
		{25373035-69AC-47F1-B628-285C2164FB85}.Debug|Any CPU.Build.0 = Debug|Any CPU
		{25373035-69AC-47F1-B628-285C2164FB85}.Release|Any CPU.ActiveCfg = Release|Any CPU
		{25373035-69AC-47F1-B628-285C2164FB85}.Release|Any CPU.Build.0 = Release|Any CPU
	EndGlobalSection
	GlobalSection(SolutionProperties) = preSolution
		HideSolutionNode = FALSE
	EndGlobalSection
	GlobalSection(ExtensibilityGlobals) = postSolution
		SolutionGuid = {4795752F-57E2-496F-8B86-882057FFB37D}
	EndGlobalSection
EndGlobal
